// !$*UTF8*$!
{
	archiveVersion = 1;
	classes = {
	};
	objectVersion = 46;
	objects = {

/* Begin PBXBuildFile section */
		CCE19EAA1C1C5B070009CEF4 /* main.m in Sources */ = {isa = PBXBuildFile; fileRef = CCE19EA91C1C5B070009CEF4 /* main.m */; };
		CCE19EAD1C1C5B070009CEF4 /* AppDelegate.m in Sources */ = {isa = PBXBuildFile; fileRef = CCE19EAC1C1C5B070009CEF4 /* AppDelegate.m */; };
		CCE19EB01C1C5B070009CEF4 /* ViewController.m in Sources */ = {isa = PBXBuildFile; fileRef = CCE19EAF1C1C5B070009CEF4 /* ViewController.m */; };
		CCE19EB31C1C5B070009CEF4 /* Main.storyboard in Resources */ = {isa = PBXBuildFile; fileRef = CCE19EB11C1C5B070009CEF4 /* Main.storyboard */; };
		CCE19EB51C1C5B070009CEF4 /* Images.xcassets in Resources */ = {isa = PBXBuildFile; fileRef = CCE19EB41C1C5B070009CEF4 /* Images.xcassets */; };
		CCE19EB81C1C5B070009CEF4 /* LaunchScreen.xib in Resources */ = {isa = PBXBuildFile; fileRef = CCE19EB61C1C5B070009CEF4 /* LaunchScreen.xib */; };
		CCE19EC41C1C5B070009CEF4 /* TestProjectTests.m in Sources */ = {isa = PBXBuildFile; fileRef = CCE19EC31C1C5B070009CEF4 /* TestProjectTests.m */; };
/* End PBXBuildFile section */

/* Begin PBXContainerItemProxy section */
		CCE19EBE1C1C5B070009CEF4 /* PBXContainerItemProxy */ = {
			isa = PBXContainerItemProxy;
			containerPortal = CCE19E9C1C1C5B070009CEF4 /* Project object */;
			proxyType = 1;
			remoteGlobalIDString = CCE19EA31C1C5B070009CEF4;
			remoteInfo = TestProject;
		};
/* End PBXContainerItemProxy section */

/* Begin PBXFileReference section */
		CCE19EA41C1C5B070009CEF4 /* TestProject.app */ = {isa = PBXFileReference; explicitFileType = wrapper.application; includeInIndex = 0; path = TestProject.app; sourceTree = BUILT_PRODUCTS_DIR; };
		CCE19EA81C1C5B070009CEF4 /* Info.plist */ = {isa = PBXFileReference; lastKnownFileType = text.plist.xml; path = Info.plist; sourceTree = "<group>"; };
		CCE19EA91C1C5B070009CEF4 /* main.m */ = {isa = PBXFileReference; lastKnownFileType = sourcecode.c.objc; path = main.m; sourceTree = "<group>"; };
		CCE19EAB1C1C5B070009CEF4 /* AppDelegate.h */ = {isa = PBXFileReference; lastKnownFileType = sourcecode.c.h; path = AppDelegate.h; sourceTree = "<group>"; };
		CCE19EAC1C1C5B070009CEF4 /* AppDelegate.m */ = {isa = PBXFileReference; lastKnownFileType = sourcecode.c.objc; path = AppDelegate.m; sourceTree = "<group>"; };
		CCE19EAE1C1C5B070009CEF4 /* ViewController.h */ = {isa = PBXFileReference; lastKnownFileType = sourcecode.c.h; path = ViewController.h; sourceTree = "<group>"; };
		CCE19EAF1C1C5B070009CEF4 /* ViewController.m */ = {isa = PBXFileReference; lastKnownFileType = sourcecode.c.objc; path = ViewController.m; sourceTree = "<group>"; };
		CCE19EB21C1C5B070009CEF4 /* Base */ = {isa = PBXFileReference; lastKnownFileType = file.storyboard; name = Base; path = Base.lproj/Main.storyboard; sourceTree = "<group>"; };
		CCE19EB41C1C5B070009CEF4 /* Images.xcassets */ = {isa = PBXFileReference; lastKnownFileType = folder.assetcatalog; path = Images.xcassets; sourceTree = "<group>"; };
		CCE19EB71C1C5B070009CEF4 /* Base */ = {isa = PBXFileReference; lastKnownFileType = file.xib; name = Base; path = Base.lproj/LaunchScreen.xib; sourceTree = "<group>"; };
		CCE19EBD1C1C5B070009CEF4 /* TestProjectTests.xctest */ = {isa = PBXFileReference; explicitFileType = wrapper.cfbundle; includeInIndex = 0; path = TestProjectTests.xctest; sourceTree = BUILT_PRODUCTS_DIR; };
		CCE19EC21C1C5B070009CEF4 /* Info.plist */ = {isa = PBXFileReference; lastKnownFileType = text.plist.xml; path = Info.plist; sourceTree = "<group>"; };
		CCE19EC31C1C5B070009CEF4 /* TestProjectTests.m */ = {isa = PBXFileReference; lastKnownFileType = sourcecode.c.objc; path = TestProjectTests.m; sourceTree = "<group>"; };
/* End PBXFileReference section */

/* Begin PBXFrameworksBuildPhase section */
		CCE19EA11C1C5B070009CEF4 /* Frameworks */ = {
			isa = PBXFrameworksBuildPhase;
			buildActionMask = 2147483647;
			files = (
			);
			runOnlyForDeploymentPostprocessing = 0;
		};
		CCE19EBA1C1C5B070009CEF4 /* Frameworks */ = {
			isa = PBXFrameworksBuildPhase;
			buildActionMask = 2147483647;
			files = (
			);
			runOnlyForDeploymentPostprocessing = 0;
		};
/* End PBXFrameworksBuildPhase section */

/* Begin PBXGroup section */
		CCE19E9B1C1C5B070009CEF4 = {
			isa = PBXGroup;
			children = (
				CCE19EA61C1C5B070009CEF4 /* TestProject */,
				CCE19EC01C1C5B070009CEF4 /* TestProjectTests */,
				CCE19EA51C1C5B070009CEF4 /* Products */,
			);
			sourceTree = "<group>";
		};
		CCE19EA51C1C5B070009CEF4 /* Products */ = {
			isa = PBXGroup;
			children = (
				CCE19EA41C1C5B070009CEF4 /* TestProject.app */,
				CCE19EBD1C1C5B070009CEF4 /* TestProjectTests.xctest */,
			);
			name = Products;
			sourceTree = "<group>";
		};
		CCE19EA61C1C5B070009CEF4 /* TestProject */ = {
			isa = PBXGroup;
			children = (
				CCE19EAB1C1C5B070009CEF4 /* AppDelegate.h */,
				CCE19EAC1C1C5B070009CEF4 /* AppDelegate.m */,
				CCE19EAE1C1C5B070009CEF4 /* ViewController.h */,
				CCE19EAF1C1C5B070009CEF4 /* ViewController.m */,
				CCE19EB11C1C5B070009CEF4 /* Main.storyboard */,
				CCE19EB41C1C5B070009CEF4 /* Images.xcassets */,
				CCE19EB61C1C5B070009CEF4 /* LaunchScreen.xib */,
				CCE19EA71C1C5B070009CEF4 /* Supporting Files */,
			);
			path = TestProject;
			sourceTree = "<group>";
		};
		CCE19EA71C1C5B070009CEF4 /* Supporting Files */ = {
			isa = PBXGroup;
			children = (
				CCE19EA81C1C5B070009CEF4 /* Info.plist */,
				CCE19EA91C1C5B070009CEF4 /* main.m */,
			);
			name = "Supporting Files";
			sourceTree = "<group>";
		};
		CCE19EC01C1C5B070009CEF4 /* TestProjectTests */ = {
			isa = PBXGroup;
			children = (
				CCE19EC31C1C5B070009CEF4 /* TestProjectTests.m */,
				CCE19EC11C1C5B070009CEF4 /* Supporting Files */,
			);
			path = TestProjectTests;
			sourceTree = "<group>";
		};
		CCE19EC11C1C5B070009CEF4 /* Supporting Files */ = {
			isa = PBXGroup;
			children = (
				CCE19EC21C1C5B070009CEF4 /* Info.plist */,
			);
			name = "Supporting Files";
			sourceTree = "<group>";
		};
/* End PBXGroup section */

/* Begin PBXNativeTarget section */
		CCE19EA31C1C5B070009CEF4 /* TestProject */ = {
			isa = PBXNativeTarget;
			buildConfigurationList = CCE19EC71C1C5B070009CEF4 /* Build configuration list for PBXNativeTarget "TestProject" */;
			buildPhases = (
				CCE19EA01C1C5B070009CEF4 /* Sources */,
				CCE19EA11C1C5B070009CEF4 /* Frameworks */,
				CCE19EA21C1C5B070009CEF4 /* Resources */,
			);
			buildRules = (
			);
			dependencies = (
			);
			name = TestProject;
			productName = TestProject;
			productReference = CCE19EA41C1C5B070009CEF4 /* TestProject.app */;
			productType = "com.apple.product-type.application";
		};
		CCE19EBC1C1C5B070009CEF4 /* TestProjectTests */ = {
			isa = PBXNativeTarget;
			buildConfigurationList = CCE19ECA1C1C5B070009CEF4 /* Build configuration list for PBXNativeTarget "TestProjectTests" */;
			buildPhases = (
				CCE19EB91C1C5B070009CEF4 /* Sources */,
				CCE19EBA1C1C5B070009CEF4 /* Frameworks */,
				CCE19EBB1C1C5B070009CEF4 /* Resources */,
			);
			buildRules = (
			);
			dependencies = (
				CCE19EBF1C1C5B070009CEF4 /* PBXTargetDependency */,
			);
			name = TestProjectTests;
			productName = TestProjectTests;
			productReference = CCE19EBD1C1C5B070009CEF4 /* TestProjectTests.xctest */;
			productType = "com.apple.product-type.bundle.unit-test";
		};
/* End PBXNativeTarget section */

/* Begin PBXProject section */
		CCE19E9C1C1C5B070009CEF4 /* Project object */ = {
			isa = PBXProject;
			attributes = {
				LastUpgradeCheck = 0630;
				ORGANIZATIONNAME = qingyun;
				TargetAttributes = {
					CCE19EA31C1C5B070009CEF4 = {
						CreatedOnToolsVersion = 6.3;
					};
					CCE19EBC1C1C5B070009CEF4 = {
						CreatedOnToolsVersion = 6.3;
						TestTargetID = CCE19EA31C1C5B070009CEF4;
					};
				};
			};
			buildConfigurationList = CCE19E9F1C1C5B070009CEF4 /* Build configuration list for PBXProject "TestProject" */;
			compatibilityVersion = "Xcode 3.2";
			developmentRegion = English;
			hasScannedForEncodings = 0;
			knownRegions = (
				en,
				Base,
			);
			mainGroup = CCE19E9B1C1C5B070009CEF4;
			productRefGroup = CCE19EA51C1C5B070009CEF4 /* Products */;
			projectDirPath = "";
			projectRoot = "";
			targets = (
				CCE19EA31C1C5B070009CEF4 /* TestProject */,
				CCE19EBC1C1C5B070009CEF4 /* TestProjectTests */,
			);
		};
/* End PBXProject section */

/* Begin PBXResourcesBuildPhase section */
		CCE19EA21C1C5B070009CEF4 /* Resources */ = {
			isa = PBXResourcesBuildPhase;
			buildActionMask = 2147483647;
			files = (
				CCE19EB31C1C5B070009CEF4 /* Main.storyboard in Resources */,
				CCE19EB81C1C5B070009CEF4 /* LaunchScreen.xib in Resources */,
				CCE19EB51C1C5B070009CEF4 /* Images.xcassets in Resources */,
			);
			runOnlyForDeploymentPostprocessing = 0;
		};
		CCE19EBB1C1C5B070009CEF4 /* Resources */ = {
			isa = PBXResourcesBuildPhase;
			buildActionMask = 2147483647;
			files = (
			);
			runOnlyForDeploymentPostprocessing = 0;
		};
/* End PBXResourcesBuildPhase section */

/* Begin PBXSourcesBuildPhase section */
		CCE19EA01C1C5B070009CEF4 /* Sources */ = {
			isa = PBXSourcesBuildPhase;
			buildActionMask = 2147483647;
			files = (
				CCE19EB01C1C5B070009CEF4 /* ViewController.m in Sources */,
				CCE19EAD1C1C5B070009CEF4 /* AppDelegate.m in Sources */,
				CCE19EAA1C1C5B070009CEF4 /* main.m in Sources */,
			);
			runOnlyForDeploymentPostprocessing = 0;
		};
		CCE19EB91C1C5B070009CEF4 /* Sources */ = {
			isa = PBXSourcesBuildPhase;
			buildActionMask = 2147483647;
			files = (
				CCE19EC41C1C5B070009CEF4 /* TestProjectTests.m in Sources */,
			);
			runOnlyForDeploymentPostprocessing = 0;
		};
/* End PBXSourcesBuildPhase section */

/* Begin PBXTargetDependency section */
		CCE19EBF1C1C5B070009CEF4 /* PBXTargetDependency */ = {
			isa = PBXTargetDependency;
			target = CCE19EA31C1C5B070009CEF4 /* TestProject */;
			targetProxy = CCE19EBE1C1C5B070009CEF4 /* PBXContainerItemProxy */;
		};
/* End PBXTargetDependency section */

/* Begin PBXVariantGroup section */
		CCE19EB11C1C5B070009CEF4 /* Main.storyboard */ = {
			isa = PBXVariantGroup;
			children = (
				CCE19EB21C1C5B070009CEF4 /* Base */,
			);
			name = Main.storyboard;
			sourceTree = "<group>";
		};
		CCE19EB61C1C5B070009CEF4 /* LaunchScreen.xib */ = {
			isa = PBXVariantGroup;
			children = (
				CCE19EB71C1C5B070009CEF4 /* Base */,
			);
			name = LaunchScreen.xib;
			sourceTree = "<group>";
		};
/* End PBXVariantGroup section */

/* Begin XCBuildConfiguration section */
		CCE19EC51C1C5B070009CEF4 /* Debug */ = {
			isa = XCBuildConfiguration;
			buildSettings = {
				ALWAYS_SEARCH_USER_PATHS = NO;
				CLANG_CXX_LANGUAGE_STANDARD = "gnu++0x";
				CLANG_CXX_LIBRARY = "libc++";
				CLANG_ENABLE_MODULES = YES;
				CLANG_ENABLE_OBJC_ARC = YES;
				CLANG_WARN_BOOL_CONVERSION = YES;
				CLANG_WARN_CONSTANT_CONVERSION = YES;
				CLANG_WARN_DIRECT_OBJC_ISA_USAGE = YES_ERROR;
				CLANG_WARN_EMPTY_BODY = YES;
				CLANG_WARN_ENUM_CONVERSION = YES;
				CLANG_WARN_INT_CONVERSION = YES;
				CLANG_WARN_OBJC_ROOT_CLASS = YES_ERROR;
				CLANG_WARN_UNREACHABLE_CODE = YES;
				CLANG_WARN__DUPLICATE_METHOD_MATCH = YES;
				"CODE_SIGN_IDENTITY[sdk=iphoneos*]" = "iPhone Developer";
				COPY_PHASE_STRIP = NO;
				DEBUG_INFORMATION_FORMAT = "dwarf-with-dsym";
				ENABLE_STRICT_OBJC_MSGSEND = YES;
				GCC_C_LANGUAGE_STANDARD = gnu99;
				GCC_DYNAMIC_NO_PIC = NO;
				GCC_NO_COMMON_BLOCKS = YES;
				GCC_OPTIMIZATION_LEVEL = 0;
				GCC_PREPROCESSOR_DEFINITIONS = (
					"DEBUG=1",
					"$(inherited)",
				);
				GCC_SYMBOLS_PRIVATE_EXTERN = NO;
				GCC_WARN_64_TO_32_BIT_CONVERSION = YES;
				GCC_WARN_ABOUT_RETURN_TYPE = YES_ERROR;
				GCC_WARN_UNDECLARED_SELECTOR = YES;
				GCC_WARN_UNINITIALIZED_AUTOS = YES_AGGRESSIVE;
				GCC_WARN_UNUSED_FUNCTION = YES;
				GCC_WARN_UNUSED_VARIABLE = YES;
				IPHONEOS_DEPLOYMENT_TARGET = 8.3;
				MTL_ENABLE_DEBUG_INFO = YES;
				ONLY_ACTIVE_ARCH = YES;
				SDKROOT = iphoneos;
			};
			name = Debug;
		};
		CCE19EC61C1C5B070009CEF4 /* Release */ = {
			isa = XCBuildConfiguration;
			buildSettings = {
				ALWAYS_SEARCH_USER_PATHS = NO;
				CLANG_CXX_LANGUAGE_STANDARD = "gnu++0x";
				CLANG_CXX_LIBRARY = "libc++";
				CLANG_ENABLE_MODULES = YES;
				CLANG_ENABLE_OBJC_ARC = YES;
				CLANG_WARN_BOOL_CONVERSION = YES;
				CLANG_WARN_CONSTANT_CONVERSION = YES;
				CLANG_WARN_DIRECT_OBJC_ISA_USAGE = YES_ERROR;
				CLANG_WARN_EMPTY_BODY = YES;
				CLANG_WARN_ENUM_CONVERSION = YES;
				CLANG_WARN_INT_CONVERSION = YES;
				CLANG_WARN_OBJC_ROOT_CLASS = YES_ERROR;
				CLANG_WARN_UNREACHABLE_CODE = YES;
				CLANG_WARN__DUPLICATE_METHOD_MATCH = YES;
				"CODE_SIGN_IDENTITY[sdk=iphoneos*]" = "iPhone Developer";
				COPY_PHASE_STRIP = NO;
				DEBUG_INFORMATION_FORMAT = "dwarf-with-dsym";
				ENABLE_NS_ASSERTIONS = NO;
				ENABLE_STRICT_OBJC_MSGSEND = YES;
				GCC_C_LANGUAGE_STANDARD = gnu99;
				GCC_NO_COMMON_BLOCKS = YES;
				GCC_WARN_64_TO_32_BIT_CONVERSION = YES;
				GCC_WARN_ABOUT_RETURN_TYPE = YES_ERROR;
				GCC_WARN_UNDECLARED_SELECTOR = YES;
				GCC_WARN_UNINITIALIZED_AUTOS = YES_AGGRESSIVE;
				GCC_WARN_UNUSED_FUNCTION = YES;
				GCC_WARN_UNUSED_VARIABLE = YES;
				IPHONEOS_DEPLOYMENT_TARGET = 8.3;
				MTL_ENABLE_DEBUG_INFO = NO;
				SDKROOT = iphoneos;
				VALIDATE_PRODUCT = YES;
			};
			name = Release;
		};
		CCE19EC81C1C5B070009CEF4 /* Debug */ = {
			isa = XCBuildConfiguration;
			buildSettings = {
				ASSETCATALOG_COMPILER_APPICON_NAME = AppIcon;
				INFOPLIST_FILE = TestProject/Info.plist;
				LD_RUNPATH_SEARCH_PATHS = "$(inherited) @executable_path/Frameworks";
				PRODUCT_NAME = "$(TARGET_NAME)";
			};
			name = Debug;
		};
		CCE19EC91C1C5B070009CEF4 /* Release */ = {
			isa = XCBuildConfiguration;
			buildSettings = {
				ASSETCATALOG_COMPILER_APPICON_NAME = AppIcon;
				INFOPLIST_FILE = TestProject/Info.plist;
				LD_RUNPATH_SEARCH_PATHS = "$(inherited) @executable_path/Frameworks";
				PRODUCT_NAME = "$(TARGET_NAME)";
			};
			name = Release;
		};
		CCE19ECB1C1C5B070009CEF4 /* Debug */ = {
			isa = XCBuildConfiguration;
			buildSettings = {
				BUNDLE_LOADER = "$(TEST_HOST)";
				FRAMEWORK_SEARCH_PATHS = (
					"$(SDKROOT)/Developer/Library/Frameworks",
					"$(inherited)",
				);
				GCC_PREPROCESSOR_DEFINITIONS = (
					"DEBUG=1",
					"$(inherited)",
				);
				INFOPLIST_FILE = TestProjectTests/Info.plist;
				LD_RUNPATH_SEARCH_PATHS = "$(inherited) @executable_path/Frameworks @loader_path/Frameworks";
				PRODUCT_NAME = "$(TARGET_NAME)";
				TEST_HOST = "$(BUILT_PRODUCTS_DIR)/TestProject.app/TestProject";
			};
			name = Debug;
		};
		CCE19ECC1C1C5B070009CEF4 /* Release */ = {
			isa = XCBuildConfiguration;
			buildSettings = {
				BUNDLE_LOADER = "$(TEST_HOST)";
				FRAMEWORK_SEARCH_PATHS = (
					"$(SDKROOT)/Developer/Library/Frameworks",
					"$(inherited)",
				);
				INFOPLIST_FILE = TestProjectTests/Info.plist;
				LD_RUNPATH_SEARCH_PATHS = "$(inherited) @executable_path/Frameworks @loader_path/Frameworks";
				PRODUCT_NAME = "$(TARGET_NAME)";
				TEST_HOST = "$(BUILT_PRODUCTS_DIR)/TestProject.app/TestProject";
			};
			name = Release;
		};
/* End XCBuildConfiguration section */

/* Begin XCConfigurationList section */
		CCE19E9F1C1C5B070009CEF4 /* Build configuration list for PBXProject "TestProject" */ = {
			isa = XCConfigurationList;
			buildConfigurations = (
				CCE19EC51C1C5B070009CEF4 /* Debug */,
				CCE19EC61C1C5B070009CEF4 /* Release */,
			);
			defaultConfigurationIsVisible = 0;
			defaultConfigurationName = Release;
		};
		CCE19EC71C1C5B070009CEF4 /* Build configuration list for PBXNativeTarget "TestProject" */ = {
			isa = XCConfigurationList;
			buildConfigurations = (
				CCE19EC81C1C5B070009CEF4 /* Debug */,
				CCE19EC91C1C5B070009CEF4 /* Release */,
			);
			defaultConfigurationIsVisible = 0;
		};
		CCE19ECA1C1C5B070009CEF4 /* Build configuration list for PBXNativeTarget "TestProjectTests" */ = {
			isa = XCConfigurationList;
			buildConfigurations = (
				CCE19ECB1C1C5B070009CEF4 /* Debug */,
				CCE19ECC1C1C5B070009CEF4 /* Release */,
			);
			defaultConfigurationIsVisible = 0;
		};
/* End XCConfigurationList section */
	};
	rootObject = CCE19E9C1C1C5B070009CEF4 /* Project object */;
}
